{
  "name": "agently-mail-client",
  "version": "0.1.0",
  "lockfileVersion": 3,
  "requires": true,
  "packages": {
    "": {
      "name": "agently-mail-client",
      "version": "0.1.0",
      "license": "MIT",
      "dependencies": {
        "agentproc": "^0.1.1",
        "marked": "^18.0.5"
      },
      "bin": {
        "agently-mail": "bin/cli.js"
      },
      "engines": {
        "node": ">=18"
      },
      "peerDependencies": {
        "@tencent-qqmail/agently-cli": ">=1.0.0"
      }
    },
    "node_modules/@tencent-qqmail/agently-cli": {
      "version": "1.0.5",
      "resolved": "https://registry.npmjs.org/@tencent-qqmail/agently-cli/-/agently-cli-1.0.5.tgz",
      "integrity": "sha512-9zGsbxuZtPgmuHuXUzBg5zPL2e5C2GYKlflyeUVJ0cbIGLc9x7z0IdVLQyomTj5nyo7a0jwUYS5AloLmy3+jvg==",
      "cpu": [
        "x64",
        "arm64"
      ],
      "license": "Apache-2.0",
      "os": [
        "darwin",
        "linux",
        "win32"
      ],
      "peer": true,
      "bin": {
        "agently-cli": "scripts/run.js"
      },
      "engines": {
        "node": ">=16"
      },
      "optionalDependencies": {
        "@tencent-qqmail/agently-cli-darwin-arm64": "1.0.5",
        "@tencent-qqmail/agently-cli-darwin-x64": "1.0.5",
        "@tencent-qqmail/agently-cli-linux-arm64": "1.0.5",
        "@tencent-qqmail/agently-cli-linux-x64": "1.0.5",
        "@tencent-qqmail/agently-cli-win32-arm64": "1.0.5",
        "@tencent-qqmail/agently-cli-win32-x64": "1.0.5"
      }
    },
    "node_modules/@tencent-qqmail/agently-cli-darwin-arm64": {
      "version": "1.0.5",
      "resolved": "https://registry.npmjs.org/@tencent-qqmail/agently-cli-darwin-arm64/-/agently-cli-darwin-arm64-1.0.5.tgz",
      "integrity": "sha512-yeM8dZ8XgOezP92d7nVUM6aqBcTT3+UZq1axsjKISeWDYXa/hkRpnDMQ9YOqjcozaZpHMFGKuH+au6mqOiZpbQ==",
      "cpu": [
        "arm64"
      ],
      "license": "Apache-2.0",
      "optional": true,
      "os": [
        "darwin"
      ],
      "peer": true
    },
    "node_modules/@tencent-qqmail/agently-cli-darwin-x64": {
      "version": "1.0.5",
      "resolved": "https://registry.npmjs.org/@tencent-qqmail/agently-cli-darwin-x64/-/agently-cli-darwin-x64-1.0.5.tgz",
      "integrity": "sha512-XytaERbFQB8y5s1c+LCBkttR00AwJBi2F+44RdhDp34UOrpJN/AJDOiDSNPkUaEaNg3chWrNYEkiBbFVqnu8DQ==",
      "cpu": [
        "x64"
      ],
      "license": "Apache-2.0",
      "optional": true,
      "os": [
        "darwin"
      ],
      "peer": true
    },
    "node_modules/@tencent-qqmail/agently-cli-linux-arm64": {
      "version": "1.0.5",
      "resolved": "https://registry.npmjs.org/@tencent-qqmail/agently-cli-linux-arm64/-/agently-cli-linux-arm64-1.0.5.tgz",
      "integrity": "sha512-NQz9T41NVL7zjpRgr2UROQHVwvkHUbVxLTfJlsHqsd8WDCGm5F3Zz1hkDBXHuQFqq3WJf9KuLrhj+JlW+nKJ+g==",
      "cpu": [
        "arm64"
      ],
      "license": "Apache-2.0",
      "optional": true,
      "os": [
        "linux"
      ],
      "peer": true
    },
    "node_modules/@tencent-qqmail/agently-cli-linux-x64": {
      "version": "1.0.5",
      "resolved": "https://registry.npmjs.org/@tencent-qqmail/agently-cli-linux-x64/-/agently-cli-linux-x64-1.0.5.tgz",
      "integrity": "sha512-LtmcoyGKdSDKmbs0qoThwUoEyoeKb43Rv/Nwn7Ufp7zDbpSH0aKHz0gqgtRfSlOLfqH7bTNNAIPpszlqnNHSvQ==",
      "cpu": [
        "x64"
      ],
      "license": "Apache-2.0",
      "optional": true,
      "os": [
        "linux"
      ],
      "peer": true
    },
    "node_modules/@tencent-qqmail/agently-cli-win32-arm64": {
      "version": "1.0.5",
      "resolved": "https://registry.npmjs.org/@tencent-qqmail/agently-cli-win32-arm64/-/agently-cli-win32-arm64-1.0.5.tgz",
      "integrity": "sha512-vvXdELDNEzv/gx2UCT/uxuVVPCn0m8Z6Gtd4z6VtQoQ79TlimXO+g5152jONv9ti7bFk32Bzlm+WSYVKP7Ugng==",
      "cpu": [
        "arm64"
      ],
      "license": "Apache-2.0",
      "optional": true,
      "os": [
        "win32"
      ],
      "peer": true
    },
    "node_modules/@tencent-qqmail/agently-cli-win32-x64": {
      "version": "1.0.5",
      "resolved": "https://registry.npmjs.org/@tencent-qqmail/agently-cli-win32-x64/-/agently-cli-win32-x64-1.0.5.tgz",
      "integrity": "sha512-/LX8Q7Vv83cQ7ydTvOYD9GOzV4lX09VQrOiXJpM8VKQXqG+kwOMcYkz6RpNNd6QgUblRCvzGj5jxCKtuVbkfkA==",
      "cpu": [
        "x64"
      ],
      "license": "Apache-2.0",
      "optional": true,
      "os": [
        "win32"
      ],
      "peer": true
    },
    "node_modules/agentproc": {
      "version": "0.1.1",
      "resolved": "https://registry.npmjs.org/agentproc/-/agentproc-0.1.1.tgz",
      "integrity": "sha512-F8g3ULi8zlHEI8g9ocU0USpjTbeH1ipUxN8YAIxTiiBFY/68Sgd9nlVOEcr305Fnqf+vpXdBqQ/X7cMtqnJ4TQ==",
      "license": "MIT",
      "engines": {
        "node": ">=18"
      }
    },
    "node_modules/marked": {
      "version": "18.0.5",
      "resolved": "https://registry.npmjs.org/marked/-/marked-18.0.5.tgz",
      "integrity": "sha512-S6GcvALHg6K4ohtu4E7x0a1AqhAjp6cV8KhLSyN9qVapnzJkusVBxZRcIU9AeYsbe6P1hKDusSbEOzGyyuce6w==",
      "license": "MIT",
      "bin": {
        "marked": "bin/marked.js"
      },
      "engines": {
        "node": ">= 20"
      }
    }
  }
}
